// !$*UTF8*$!
{
	archiveVersion = 1;
	classes = {
	};
	objectVersion = 50;
	objects = {

/* Begin PBXBuildFile section */
		AB2883FB22495CB200F5B584 /* AppDelegate.swift in Sources */ = {isa = PBXBuildFile; fileRef = AB2883FA22495CB200F5B584 /* AppDelegate.swift */; };
		AB2883FD22495CB200F5B584 /* ViewController.swift in Sources */ = {isa = PBXBuildFile; fileRef = AB2883FC22495CB200F5B584 /* ViewController.swift */; };
		AB28840222495CB600F5B584 /* Assets.xcassets in Resources */ = {isa = PBXBuildFile; fileRef = AB28840122495CB600F5B584 /* Assets.xcassets */; };
		AB28840522495CB600F5B584 /* LaunchScreen.storyboard in Resources */ = {isa = PBXBuildFile; fileRef = AB28840322495CB600F5B584 /* LaunchScreen.storyboard */; };
		AB28841D22495E0400F5B584 /* dog.jpg in Resources */ = {isa = PBXBuildFile; fileRef = AB28840D22495E0400F5B584 /* dog.jpg */; };
		AB28841E22495E0400F5B584 /* horse.jpg in Resources */ = {isa = PBXBuildFile; fileRef = AB28840E22495E0400F5B584 /* horse.jpg */; };
		AB28841F22495E0400F5B584 /* cougar.jpg in Resources */ = {isa = PBXBuildFile; fileRef = AB28840F22495E0400F5B584 /* cougar.jpg */; };
		AB28842022495E0400F5B584 /* camel.jpg in Resources */ = {isa = PBXBuildFile; fileRef = AB28841022495E0400F5B584 /* camel.jpg */; };
		AB28842122495E0400F5B584 /* kangaroo.jpg in Resources */ = {isa = PBXBuildFile; fileRef = AB28841122495E0400F5B584 /* kangaroo.jpg */; };
		AB28842222495E0400F5B584 /* raccoon.jpg in Resources */ = {isa = PBXBuildFile; fileRef = AB28841222495E0400F5B584 /* raccoon.jpg */; };
		AB28842322495E0400F5B584 /* mybackground.png in Resources */ = {isa = PBXBuildFile; fileRef = AB28841322495E0400F5B584 /* mybackground.png */; };
		AB28842422495E0400F5B584 /* wolf.jpg in Resources */ = {isa = PBXBuildFile; fileRef = AB28841422495E0400F5B584 /* wolf.jpg */; };
		AB28842522495E0400F5B584 /* hamster.jpg in Resources */ = {isa = PBXBuildFile; fileRef = AB28841522495E0400F5B584 /* hamster.jpg */; };
		AB28842622495E0400F5B584 /* sloth.jpg in Resources */ = {isa = PBXBuildFile; fileRef = AB28841622495E0400F5B584 /* sloth.jpg */; };
		AB28842722495E0400F5B584 /* cat.jpg in Resources */ = {isa = PBXBuildFile; fileRef = AB28841722495E0400F5B584 /* cat.jpg */; };
		AB28842822495E0400F5B584 /* lizard.jpg in Resources */ = {isa = PBXBuildFile; fileRef = AB28841822495E0400F5B584 /* lizard.jpg */; };
		AB28842922495E0400F5B584 /* pigeon.jpg in Resources */ = {isa = PBXBuildFile; fileRef = AB28841922495E0400F5B584 /* pigeon.jpg */; };
		AB28842A22495E0400F5B584 /* fox.jpg in Resources */ = {isa = PBXBuildFile; fileRef = AB28841A22495E0400F5B584 /* fox.jpg */; };
		AB28842B22495E0400F5B584 /* alpaca.jpg in Resources */ = {isa = PBXBuildFile; fileRef = AB28841B22495E0400F5B584 /* alpaca.jpg */; };
		AB28842C22495E0400F5B584 /* llama.jpg in Resources */ = {isa = PBXBuildFile; fileRef = AB28841C22495E0400F5B584 /* llama.jpg */; };
		AB28842E22495EAA00F5B584 /* AnimalCollectionViewCell.swift in Sources */ = {isa = PBXBuildFile; fileRef = AB28842D22495EAA00F5B584 /* AnimalCollectionViewCell.swift */; };
		AB28843022495F0800F5B584 /* AnimalCollectionViewLayout.swift in Sources */ = {isa = PBXBuildFile; fileRef = AB28842F22495F0800F5B584 /* AnimalCollectionViewLayout.swift */; };
/* End PBXBuildFile section */

/* Begin PBXFileReference section */
		AB2883F722495CB200F5B584 /* SBT-Lesson-11 Homework-UICollectionView.app */ = {isa = PBXFileReference; explicitFileType = wrapper.application; includeInIndex = 0; path = "SBT-Lesson-11 Homework-UICollectionView.app"; sourceTree = BUILT_PRODUCTS_DIR; };
		AB2883FA22495CB200F5B584 /* AppDelegate.swift */ = {isa = PBXFileReference; lastKnownFileType = sourcecode.swift; path = AppDelegate.swift; sourceTree = "<group>"; };
		AB2883FC22495CB200F5B584 /* ViewController.swift */ = {isa = PBXFileReference; lastKnownFileType = sourcecode.swift; path = ViewController.swift; sourceTree = "<group>"; };
		AB28840122495CB600F5B584 /* Assets.xcassets */ = {isa = PBXFileReference; lastKnownFileType = folder.assetcatalog; path = Assets.xcassets; sourceTree = "<group>"; };
		AB28840422495CB600F5B584 /* Base */ = {isa = PBXFileReference; lastKnownFileType = file.storyboard; name = Base; path = Base.lproj/LaunchScreen.storyboard; sourceTree = "<group>"; };
		AB28840622495CB600F5B584 /* Info.plist */ = {isa = PBXFileReference; lastKnownFileType = text.plist.xml; path = Info.plist; sourceTree = "<group>"; };
		AB28840D22495E0400F5B584 /* dog.jpg */ = {isa = PBXFileReference; lastKnownFileType = image.jpeg; path = dog.jpg; sourceTree = "<group>"; };
		AB28840E22495E0400F5B584 /* horse.jpg */ = {isa = PBXFileReference; lastKnownFileType = image.jpeg; path = horse.jpg; sourceTree = "<group>"; };
		AB28840F22495E0400F5B584 /* cougar.jpg */ = {isa = PBXFileReference; lastKnownFileType = image.jpeg; path = cougar.jpg; sourceTree = "<group>"; };
		AB28841022495E0400F5B584 /* camel.jpg */ = {isa = PBXFileReference; lastKnownFileType = image.jpeg; path = camel.jpg; sourceTree = "<group>"; };
		AB28841122495E0400F5B584 /* kangaroo.jpg */ = {isa = PBXFileReference; lastKnownFileType = image.jpeg; path = kangaroo.jpg; sourceTree = "<group>"; };
		AB28841222495E0400F5B584 /* raccoon.jpg */ = {isa = PBXFileReference; lastKnownFileType = image.jpeg; path = raccoon.jpg; sourceTree = "<group>"; };
		AB28841322495E0400F5B584 /* mybackground.png */ = {isa = PBXFileReference; lastKnownFileType = image.png; path = mybackground.png; sourceTree = "<group>"; };
		AB28841422495E0400F5B584 /* wolf.jpg */ = {isa = PBXFileReference; lastKnownFileType = image.jpeg; path = wolf.jpg; sourceTree = "<group>"; };
		AB28841522495E0400F5B584 /* hamster.jpg */ = {isa = PBXFileReference; lastKnownFileType = image.jpeg; path = hamster.jpg; sourceTree = "<group>"; };
		AB28841622495E0400F5B584 /* sloth.jpg */ = {isa = PBXFileReference; lastKnownFileType = image.jpeg; path = sloth.jpg; sourceTree = "<group>"; };
		AB28841722495E0400F5B584 /* cat.jpg */ = {isa = PBXFileReference; lastKnownFileType = image.jpeg; path = cat.jpg; sourceTree = "<group>"; };
		AB28841822495E0400F5B584 /* lizard.jpg */ = {isa = PBXFileReference; lastKnownFileType = image.jpeg; path = lizard.jpg; sourceTree = "<group>"; };
		AB28841922495E0400F5B584 /* pigeon.jpg */ = {isa = PBXFileReference; lastKnownFileType = image.jpeg; path = pigeon.jpg; sourceTree = "<group>"; };
		AB28841A22495E0400F5B584 /* fox.jpg */ = {isa = PBXFileReference; lastKnownFileType = image.jpeg; path = fox.jpg; sourceTree = "<group>"; };
		AB28841B22495E0400F5B584 /* alpaca.jpg */ = {isa = PBXFileReference; lastKnownFileType = image.jpeg; path = alpaca.jpg; sourceTree = "<group>"; };
		AB28841C22495E0400F5B584 /* llama.jpg */ = {isa = PBXFileReference; lastKnownFileType = image.jpeg; path = llama.jpg; sourceTree = "<group>"; };
		AB28842D22495EAA00F5B584 /* AnimalCollectionViewCell.swift */ = {isa = PBXFileReference; lastKnownFileType = sourcecode.swift; path = AnimalCollectionViewCell.swift; sourceTree = "<group>"; };
		AB28842F22495F0800F5B584 /* AnimalCollectionViewLayout.swift */ = {isa = PBXFileReference; lastKnownFileType = sourcecode.swift; path = AnimalCollectionViewLayout.swift; sourceTree = "<group>"; };
/* End PBXFileReference section */

/* Begin PBXFrameworksBuildPhase section */
		AB2883F422495CB200F5B584 /* Frameworks */ = {
			isa = PBXFrameworksBuildPhase;
			buildActionMask = 2147483647;
			files = (
			);
			runOnlyForDeploymentPostprocessing = 0;
		};
/* End PBXFrameworksBuildPhase section */

/* Begin PBXGroup section */
		AB2883EE22495CB200F5B584 = {
			isa = PBXGroup;
			children = (
				AB2883F922495CB200F5B584 /* SBT-Lesson-11 Homework-UICollectionView */,
				AB2883F822495CB200F5B584 /* Products */,
			);
			sourceTree = "<group>";
		};
		AB2883F822495CB200F5B584 /* Products */ = {
			isa = PBXGroup;
			children = (
				AB2883F722495CB200F5B584 /* SBT-Lesson-11 Homework-UICollectionView.app */,
			);
			name = Products;
			sourceTree = "<group>";
		};
		AB2883F922495CB200F5B584 /* SBT-Lesson-11 Homework-UICollectionView */ = {
			isa = PBXGroup;
			children = (
				AB2883FA22495CB200F5B584 /* AppDelegate.swift */,
				AB2883FC22495CB200F5B584 /* ViewController.swift */,
				AB28842D22495EAA00F5B584 /* AnimalCollectionViewCell.swift */,
				AB28842F22495F0800F5B584 /* AnimalCollectionViewLayout.swift */,
				AB28840122495CB600F5B584 /* Assets.xcassets */,
				AB28840322495CB600F5B584 /* LaunchScreen.storyboard */,
				AB28840622495CB600F5B584 /* Info.plist */,
				AB28840C22495E0400F5B584 /* Images */,
			);
			path = "SBT-Lesson-11 Homework-UICollectionView";
			sourceTree = "<group>";
		};
		AB28840C22495E0400F5B584 /* Images */ = {
			isa = PBXGroup;
			children = (
				AB28840D22495E0400F5B584 /* dog.jpg */,
				AB28840E22495E0400F5B584 /* horse.jpg */,
				AB28840F22495E0400F5B584 /* cougar.jpg */,
				AB28841022495E0400F5B584 /* camel.jpg */,
				AB28841122495E0400F5B584 /* kangaroo.jpg */,
				AB28841222495E0400F5B584 /* raccoon.jpg */,
				AB28841322495E0400F5B584 /* mybackground.png */,
				AB28841422495E0400F5B584 /* wolf.jpg */,
				AB28841522495E0400F5B584 /* hamster.jpg */,
				AB28841622495E0400F5B584 /* sloth.jpg */,
				AB28841722495E0400F5B584 /* cat.jpg */,
				AB28841822495E0400F5B584 /* lizard.jpg */,
				AB28841922495E0400F5B584 /* pigeon.jpg */,
				AB28841A22495E0400F5B584 /* fox.jpg */,
				AB28841B22495E0400F5B584 /* alpaca.jpg */,
				AB28841C22495E0400F5B584 /* llama.jpg */,
			);
			path = Images;
			sourceTree = "<group>";
		};
/* End PBXGroup section */

/* Begin PBXNativeTarget section */
		AB2883F622495CB200F5B584 /* SBT-Lesson-11 Homework-UICollectionView */ = {
			isa = PBXNativeTarget;
			buildConfigurationList = AB28840922495CB600F5B584 /* Build configuration list for PBXNativeTarget "SBT-Lesson-11 Homework-UICollectionView" */;
			buildPhases = (
				AB2883F322495CB200F5B584 /* Sources */,
				AB2883F422495CB200F5B584 /* Frameworks */,
				AB2883F522495CB200F5B584 /* Resources */,
			);
			buildRules = (
			);
			dependencies = (
			);
			name = "SBT-Lesson-11 Homework-UICollectionView";
			productName = "SBT-Lesson-11 Homework-UICollectionView";
			productReference = AB2883F722495CB200F5B584 /* SBT-Lesson-11 Homework-UICollectionView.app */;
			productType = "com.apple.product-type.application";
		};
/* End PBXNativeTarget section */

/* Begin PBXProject section */
		AB2883EF22495CB200F5B584 /* Project object */ = {
			isa = PBXProject;
			attributes = {
				LastSwiftUpdateCheck = 1010;
				LastUpgradeCheck = 1010;
				ORGANIZATIONNAME = "Dmitry Shapkin";
				TargetAttributes = {
					AB2883F622495CB200F5B584 = {
						CreatedOnToolsVersion = 10.1;
					};
				};
			};
			buildConfigurationList = AB2883F222495CB200F5B584 /* Build configuration list for PBXProject "SBT-Lesson-11 Homework-UICollectionView" */;
			compatibilityVersion = "Xcode 9.3";
			developmentRegion = en;
			hasScannedForEncodings = 0;
			knownRegions = (
				en,
				Base,
			);
			mainGroup = AB2883EE22495CB200F5B584;
			productRefGroup = AB2883F822495CB200F5B584 /* Products */;
			projectDirPath = "";
			projectRoot = "";
			targets = (
				AB2883F622495CB200F5B584 /* SBT-Lesson-11 Homework-UICollectionView */,
			);
		};
/* End PBXProject section */

/* Begin PBXResourcesBuildPhase section */
		AB2883F522495CB200F5B584 /* Resources */ = {
			isa = PBXResourcesBuildPhase;
			buildActionMask = 2147483647;
			files = (
				AB28841F22495E0400F5B584 /* cougar.jpg in Resources */,
				AB28842022495E0400F5B584 /* camel.jpg in Resources */,
				AB28842622495E0400F5B584 /* sloth.jpg in Resources */,
				AB28842A22495E0400F5B584 /* fox.jpg in Resources */,
				AB28842522495E0400F5B584 /* hamster.jpg in Resources */,
				AB28842422495E0400F5B584 /* wolf.jpg in Resources */,
				AB28842C22495E0400F5B584 /* llama.jpg in Resources */,
				AB28841D22495E0400F5B584 /* dog.jpg in Resources */,
				AB28842222495E0400F5B584 /* raccoon.jpg in Resources */,
				AB28840522495CB600F5B584 /* LaunchScreen.storyboard in Resources */,
				AB28841E22495E0400F5B584 /* horse.jpg in Resources */,
				AB28842822495E0400F5B584 /* lizard.jpg in Resources */,
				AB28842122495E0400F5B584 /* kangaroo.jpg in Resources */,
				AB28842922495E0400F5B584 /* pigeon.jpg in Resources */,
				AB28842B22495E0400F5B584 /* alpaca.jpg in Resources */,
				AB28842322495E0400F5B584 /* mybackground.png in Resources */,
				AB28840222495CB600F5B584 /* Assets.xcassets in Resources */,
				AB28842722495E0400F5B584 /* cat.jpg in Resources */,
			);
			runOnlyForDeploymentPostprocessing = 0;
		};
/* End PBXResourcesBuildPhase section */

/* Begin PBXSourcesBuildPhase section */
		AB2883F322495CB200F5B584 /* Sources */ = {
			isa = PBXSourcesBuildPhase;
			buildActionMask = 2147483647;
			files = (
				AB28843022495F0800F5B584 /* AnimalCollectionViewLayout.swift in Sources */,
				AB2883FD22495CB200F5B584 /* ViewController.swift in Sources */,
				AB2883FB22495CB200F5B584 /* AppDelegate.swift in Sources */,
				AB28842E22495EAA00F5B584 /* AnimalCollectionViewCell.swift in Sources */,
			);
			runOnlyForDeploymentPostprocessing = 0;
		};
/* End PBXSourcesBuildPhase section */

/* Begin PBXVariantGroup section */
		AB28840322495CB600F5B584 /* LaunchScreen.storyboard */ = {
			isa = PBXVariantGroup;
			children = (
				AB28840422495CB600F5B584 /* Base */,
			);
			name = LaunchScreen.storyboard;
			sourceTree = "<group>";
		};
/* End PBXVariantGroup section */

/* Begin XCBuildConfiguration section */
		AB28840722495CB600F5B584 /* Debug */ = {
			isa = XCBuildConfiguration;
			buildSettings = {
				ALWAYS_SEARCH_USER_PATHS = NO;
				CLANG_ANALYZER_NONNULL = YES;
				CLANG_ANALYZER_NUMBER_OBJECT_CONVERSION = YES_AGGRESSIVE;
				CLANG_CXX_LANGUAGE_STANDARD = "gnu++14";
				CLANG_CXX_LIBRARY = "libc++";
				CLANG_ENABLE_MODULES = YES;
				CLANG_ENABLE_OBJC_ARC = YES;
				CLANG_ENABLE_OBJC_WEAK = YES;
				CLANG_WARN_BLOCK_CAPTURE_AUTORELEASING = YES;
				CLANG_WARN_BOOL_CONVERSION = YES;
				CLANG_WARN_COMMA = YES;
				CLANG_WARN_CONSTANT_CONVERSION = YES;
				CLANG_WARN_DEPRECATED_OBJC_IMPLEMENTATIONS = YES;
				CLANG_WARN_DIRECT_OBJC_ISA_USAGE = YES_ERROR;
				CLANG_WARN_DOCUMENTATION_COMMENTS = YES;
				CLANG_WARN_EMPTY_BODY = YES;
				CLANG_WARN_ENUM_CONVERSION = YES;
				CLANG_WARN_INFINITE_RECURSION = YES;
				CLANG_WARN_INT_CONVERSION = YES;
				CLANG_WARN_NON_LITERAL_NULL_CONVERSION = YES;
				CLANG_WARN_OBJC_IMPLICIT_RETAIN_SELF = YES;
				CLANG_WARN_OBJC_LITERAL_CONVERSION = YES;
				CLANG_WARN_OBJC_ROOT_CLASS = YES_ERROR;
				CLANG_WARN_RANGE_LOOP_ANALYSIS = YES;
				CLANG_WARN_STRICT_PROTOTYPES = YES;
				CLANG_WARN_SUSPICIOUS_MOVE = YES;
				CLANG_WARN_UNGUARDED_AVAILABILITY = YES_AGGRESSIVE;
				CLANG_WARN_UNREACHABLE_CODE = YES;
				CLANG_WARN__DUPLICATE_METHOD_MATCH = YES;
				CODE_SIGN_IDENTITY = "iPhone Developer";
				COPY_PHASE_STRIP = NO;
				DEBUG_INFORMATION_FORMAT = dwarf;
				ENABLE_STRICT_OBJC_MSGSEND = YES;
				ENABLE_TESTABILITY = YES;
				GCC_C_LANGUAGE_STANDARD = gnu11;
				GCC_DYNAMIC_NO_PIC = NO;
				GCC_NO_COMMON_BLOCKS = YES;
				GCC_OPTIMIZATION_LEVEL = 0;
				GCC_PREPROCESSOR_DEFINITIONS = (
					"DEBUG=1",
					"$(inherited)",
				);
				GCC_WARN_64_TO_32_BIT_CONVERSION = YES;
				GCC_WARN_ABOUT_RETURN_TYPE = YES_ERROR;
				GCC_WARN_UNDECLARED_SELECTOR = YES;
				GCC_WARN_UNINITIALIZED_AUTOS = YES_AGGRESSIVE;
				GCC_WARN_UNUSED_FUNCTION = YES;
				GCC_WARN_UNUSED_VARIABLE = YES;
				IPHONEOS_DEPLOYMENT_TARGET = 12.1;
				MTL_ENABLE_DEBUG_INFO = INCLUDE_SOURCE;
				MTL_FAST_MATH = YES;
				ONLY_ACTIVE_ARCH = YES;
				SDKROOT = iphoneos;
				SWIFT_ACTIVE_COMPILATION_CONDITIONS = DEBUG;
				SWIFT_OPTIMIZATION_LEVEL = "-Onone";
			};
			name = Debug;
		};
		AB28840822495CB600F5B584 /* Release */ = {
			isa = XCBuildConfiguration;
			buildSettings = {
				ALWAYS_SEARCH_USER_PATHS = NO;
				CLANG_ANALYZER_NONNULL = YES;
				CLANG_ANALYZER_NUMBER_OBJECT_CONVERSION = YES_AGGRESSIVE;
				CLANG_CXX_LANGUAGE_STANDARD = "gnu++14";
				CLANG_CXX_LIBRARY = "libc++";
				CLANG_ENABLE_MODULES = YES;
				CLANG_ENABLE_OBJC_ARC = YES;
				CLANG_ENABLE_OBJC_WEAK = YES;
				CLANG_WARN_BLOCK_CAPTURE_AUTORELEASING = YES;
				CLANG_WARN_BOOL_CONVERSION = YES;
				CLANG_WARN_COMMA = YES;
				CLANG_WARN_CONSTANT_CONVERSION = YES;
				CLANG_WARN_DEPRECATED_OBJC_IMPLEMENTATIONS = YES;
				CLANG_WARN_DIRECT_OBJC_ISA_USAGE = YES_ERROR;
				CLANG_WARN_DOCUMENTATION_COMMENTS = YES;
				CLANG_WARN_EMPTY_BODY = YES;
				CLANG_WARN_ENUM_CONVERSION = YES;
				CLANG_WARN_INFINITE_RECURSION = YES;
				CLANG_WARN_INT_CONVERSION = YES;
				CLANG_WARN_NON_LITERAL_NULL_CONVERSION = YES;
				CLANG_WARN_OBJC_IMPLICIT_RETAIN_SELF = YES;
				CLANG_WARN_OBJC_LITERAL_CONVERSION = YES;
				CLANG_WARN_OBJC_ROOT_CLASS = YES_ERROR;
				CLANG_WARN_RANGE_LOOP_ANALYSIS = YES;
				CLANG_WARN_STRICT_PROTOTYPES = YES;
				CLANG_WARN_SUSPICIOUS_MOVE = YES;
				CLANG_WARN_UNGUARDED_AVAILABILITY = YES_AGGRESSIVE;
				CLANG_WARN_UNREACHABLE_CODE = YES;
				CLANG_WARN__DUPLICATE_METHOD_MATCH = YES;
				CODE_SIGN_IDENTITY = "iPhone Developer";
				COPY_PHASE_STRIP = NO;
				DEBUG_INFORMATION_FORMAT = "dwarf-with-dsym";
				ENABLE_NS_ASSERTIONS = NO;
				ENABLE_STRICT_OBJC_MSGSEND = YES;
				GCC_C_LANGUAGE_STANDARD = gnu11;
				GCC_NO_COMMON_BLOCKS = YES;
				GCC_WARN_64_TO_32_BIT_CONVERSION = YES;
				GCC_WARN_ABOUT_RETURN_TYPE = YES_ERROR;
				GCC_WARN_UNDECLARED_SELECTOR = YES;
				GCC_WARN_UNINITIALIZED_AUTOS = YES_AGGRESSIVE;
				GCC_WARN_UNUSED_FUNCTION = YES;
				GCC_WARN_UNUSED_VARIABLE = YES;
				IPHONEOS_DEPLOYMENT_TARGET = 12.1;
				MTL_ENABLE_DEBUG_INFO = NO;
				MTL_FAST_MATH = YES;
				SDKROOT = iphoneos;
				SWIFT_COMPILATION_MODE = wholemodule;
				SWIFT_OPTIMIZATION_LEVEL = "-O";
				VALIDATE_PRODUCT = YES;
			};
			name = Release;
		};
		AB28840A22495CB600F5B584 /* Debug */ = {
			isa = XCBuildConfiguration;
			buildSettings = {
				ASSETCATALOG_COMPILER_APPICON_NAME = AppIcon;
				CODE_SIGN_STYLE = Automatic;
				DEVELOPMENT_TEAM = N52WYVQTKK;
				INFOPLIST_FILE = "SBT-Lesson-11 Homework-UICollectionView/Info.plist";
				LD_RUNPATH_SEARCH_PATHS = (
					"$(inherited)",
					"@executable_path/Frameworks",
				);
				PRODUCT_BUNDLE_IDENTIFIER = "ru.shapkindev.SBT-Lesson-11-Homework-UICollectionView";
				PRODUCT_NAME = "$(TARGET_NAME)";
				SWIFT_VERSION = 4.2;
				TARGETED_DEVICE_FAMILY = "1,2";
			};
			name = Debug;
		};
		AB28840B22495CB600F5B584 /* Release */ = {
			isa = XCBuildConfiguration;
			buildSettings = {
				ASSETCATALOG_COMPILER_APPICON_NAME = AppIcon;
				CODE_SIGN_STYLE = Automatic;
				DEVELOPMENT_TEAM = N52WYVQTKK;
				INFOPLIST_FILE = "SBT-Lesson-11 Homework-UICollectionView/Info.plist";
				LD_RUNPATH_SEARCH_PATHS = (
					"$(inherited)",
					"@executable_path/Frameworks",
				);
				PRODUCT_BUNDLE_IDENTIFIER = "ru.shapkindev.SBT-Lesson-11-Homework-UICollectionView";
				PRODUCT_NAME = "$(TARGET_NAME)";
				SWIFT_VERSION = 4.2;
				TARGETED_DEVICE_FAMILY = "1,2";
			};
			name = Release;
		};
/* End XCBuildConfiguration section */

/* Begin XCConfigurationList section */
		AB2883F222495CB200F5B584 /* Build configuration list for PBXProject "SBT-Lesson-11 Homework-UICollectionView" */ = {
			isa = XCConfigurationList;
			buildConfigurations = (
				AB28840722495CB600F5B584 /* Debug */,
				AB28840822495CB600F5B584 /* Release */,
			);
			defaultConfigurationIsVisible = 0;
			defaultConfigurationName = Release;
		};
		AB28840922495CB600F5B584 /* Build configuration list for PBXNativeTarget "SBT-Lesson-11 Homework-UICollectionView" */ = {
			isa = XCConfigurationList;
			buildConfigurations = (
				AB28840A22495CB600F5B584 /* Debug */,
				AB28840B22495CB600F5B584 /* Release */,
			);
			defaultConfigurationIsVisible = 0;
			defaultConfigurationName = Release;
		};
/* End XCConfigurationList section */
	};
	rootObject = AB2883EF22495CB200F5B584 /* Project object */;
}
