// !$*UTF8*$!
{
	archiveVersion = 1;
	classes = {
	};
	objectVersion = 50;
	objects = {

/* Begin PBXBuildFile section */
		AB28843F224A027500F5B584 /* AppDelegate.m in Sources */ = {isa = PBXBuildFile; fileRef = AB28843E224A027500F5B584 /* AppDelegate.m */; };
		AB288442224A027500F5B584 /* ViewController.m in Sources */ = {isa = PBXBuildFile; fileRef = AB288441224A027500F5B584 /* ViewController.m */; };
		AB288447224A027800F5B584 /* Assets.xcassets in Resources */ = {isa = PBXBuildFile; fileRef = AB288446224A027800F5B584 /* Assets.xcassets */; };
		AB28844A224A027800F5B584 /* LaunchScreen.storyboard in Resources */ = {isa = PBXBuildFile; fileRef = AB288448224A027800F5B584 /* LaunchScreen.storyboard */; };
		AB28844D224A027800F5B584 /* main.m in Sources */ = {isa = PBXBuildFile; fileRef = AB28844C224A027800F5B584 /* main.m */; };
		AB288464224A03D900F5B584 /* dog.jpg in Resources */ = {isa = PBXBuildFile; fileRef = AB288454224A03D800F5B584 /* dog.jpg */; };
		AB288465224A03D900F5B584 /* horse.jpg in Resources */ = {isa = PBXBuildFile; fileRef = AB288455224A03D800F5B584 /* horse.jpg */; };
		AB288466224A03D900F5B584 /* cougar.jpg in Resources */ = {isa = PBXBuildFile; fileRef = AB288456224A03D800F5B584 /* cougar.jpg */; };
		AB288467224A03D900F5B584 /* camel.jpg in Resources */ = {isa = PBXBuildFile; fileRef = AB288457224A03D800F5B584 /* camel.jpg */; };
		AB288468224A03D900F5B584 /* kangaroo.jpg in Resources */ = {isa = PBXBuildFile; fileRef = AB288458224A03D800F5B584 /* kangaroo.jpg */; };
		AB288469224A03D900F5B584 /* raccoon.jpg in Resources */ = {isa = PBXBuildFile; fileRef = AB288459224A03D800F5B584 /* raccoon.jpg */; };
		AB28846A224A03D900F5B584 /* mybackground.png in Resources */ = {isa = PBXBuildFile; fileRef = AB28845A224A03D800F5B584 /* mybackground.png */; };
		AB28846B224A03D900F5B584 /* wolf.jpg in Resources */ = {isa = PBXBuildFile; fileRef = AB28845B224A03D800F5B584 /* wolf.jpg */; };
		AB28846C224A03D900F5B584 /* hamster.jpg in Resources */ = {isa = PBXBuildFile; fileRef = AB28845C224A03D800F5B584 /* hamster.jpg */; };
		AB28846D224A03D900F5B584 /* sloth.jpg in Resources */ = {isa = PBXBuildFile; fileRef = AB28845D224A03D800F5B584 /* sloth.jpg */; };
		AB28846E224A03D900F5B584 /* cat.jpg in Resources */ = {isa = PBXBuildFile; fileRef = AB28845E224A03D800F5B584 /* cat.jpg */; };
		AB28846F224A03D900F5B584 /* lizard.jpg in Resources */ = {isa = PBXBuildFile; fileRef = AB28845F224A03D800F5B584 /* lizard.jpg */; };
		AB288470224A03D900F5B584 /* pigeon.jpg in Resources */ = {isa = PBXBuildFile; fileRef = AB288460224A03D800F5B584 /* pigeon.jpg */; };
		AB288471224A03D900F5B584 /* fox.jpg in Resources */ = {isa = PBXBuildFile; fileRef = AB288461224A03D800F5B584 /* fox.jpg */; };
		AB288472224A03D900F5B584 /* alpaca.jpg in Resources */ = {isa = PBXBuildFile; fileRef = AB288462224A03D800F5B584 /* alpaca.jpg */; };
		AB288473224A03D900F5B584 /* llama.jpg in Resources */ = {isa = PBXBuildFile; fileRef = AB288463224A03D800F5B584 /* llama.jpg */; };
		AB288476224A097100F5B584 /* AnimalTableViewCell.m in Sources */ = {isa = PBXBuildFile; fileRef = AB288475224A097100F5B584 /* AnimalTableViewCell.m */; };
/* End PBXBuildFile section */

/* Begin PBXFileReference section */
		AB28843A224A027500F5B584 /* SBT-Lesson-12 Homework-TableView-Animation.app */ = {isa = PBXFileReference; explicitFileType = wrapper.application; includeInIndex = 0; path = "SBT-Lesson-12 Homework-TableView-Animation.app"; sourceTree = BUILT_PRODUCTS_DIR; };
		AB28843D224A027500F5B584 /* AppDelegate.h */ = {isa = PBXFileReference; lastKnownFileType = sourcecode.c.h; path = AppDelegate.h; sourceTree = "<group>"; };
		AB28843E224A027500F5B584 /* AppDelegate.m */ = {isa = PBXFileReference; lastKnownFileType = sourcecode.c.objc; path = AppDelegate.m; sourceTree = "<group>"; };
		AB288440224A027500F5B584 /* ViewController.h */ = {isa = PBXFileReference; lastKnownFileType = sourcecode.c.h; path = ViewController.h; sourceTree = "<group>"; };
		AB288441224A027500F5B584 /* ViewController.m */ = {isa = PBXFileReference; lastKnownFileType = sourcecode.c.objc; path = ViewController.m; sourceTree = "<group>"; };
		AB288446224A027800F5B584 /* Assets.xcassets */ = {isa = PBXFileReference; lastKnownFileType = folder.assetcatalog; path = Assets.xcassets; sourceTree = "<group>"; };
		AB288449224A027800F5B584 /* Base */ = {isa = PBXFileReference; lastKnownFileType = file.storyboard; name = Base; path = Base.lproj/LaunchScreen.storyboard; sourceTree = "<group>"; };
		AB28844B224A027800F5B584 /* Info.plist */ = {isa = PBXFileReference; lastKnownFileType = text.plist.xml; path = Info.plist; sourceTree = "<group>"; };
		AB28844C224A027800F5B584 /* main.m */ = {isa = PBXFileReference; lastKnownFileType = sourcecode.c.objc; path = main.m; sourceTree = "<group>"; };
		AB288454224A03D800F5B584 /* dog.jpg */ = {isa = PBXFileReference; lastKnownFileType = image.jpeg; path = dog.jpg; sourceTree = "<group>"; };
		AB288455224A03D800F5B584 /* horse.jpg */ = {isa = PBXFileReference; lastKnownFileType = image.jpeg; path = horse.jpg; sourceTree = "<group>"; };
		AB288456224A03D800F5B584 /* cougar.jpg */ = {isa = PBXFileReference; lastKnownFileType = image.jpeg; path = cougar.jpg; sourceTree = "<group>"; };
		AB288457224A03D800F5B584 /* camel.jpg */ = {isa = PBXFileReference; lastKnownFileType = image.jpeg; path = camel.jpg; sourceTree = "<group>"; };
		AB288458224A03D800F5B584 /* kangaroo.jpg */ = {isa = PBXFileReference; lastKnownFileType = image.jpeg; path = kangaroo.jpg; sourceTree = "<group>"; };
		AB288459224A03D800F5B584 /* raccoon.jpg */ = {isa = PBXFileReference; lastKnownFileType = image.jpeg; path = raccoon.jpg; sourceTree = "<group>"; };
		AB28845A224A03D800F5B584 /* mybackground.png */ = {isa = PBXFileReference; lastKnownFileType = image.png; path = mybackground.png; sourceTree = "<group>"; };
		AB28845B224A03D800F5B584 /* wolf.jpg */ = {isa = PBXFileReference; lastKnownFileType = image.jpeg; path = wolf.jpg; sourceTree = "<group>"; };
		AB28845C224A03D800F5B584 /* hamster.jpg */ = {isa = PBXFileReference; lastKnownFileType = image.jpeg; path = hamster.jpg; sourceTree = "<group>"; };
		AB28845D224A03D800F5B584 /* sloth.jpg */ = {isa = PBXFileReference; lastKnownFileType = image.jpeg; path = sloth.jpg; sourceTree = "<group>"; };
		AB28845E224A03D800F5B584 /* cat.jpg */ = {isa = PBXFileReference; lastKnownFileType = image.jpeg; path = cat.jpg; sourceTree = "<group>"; };
		AB28845F224A03D800F5B584 /* lizard.jpg */ = {isa = PBXFileReference; lastKnownFileType = image.jpeg; path = lizard.jpg; sourceTree = "<group>"; };
		AB288460224A03D800F5B584 /* pigeon.jpg */ = {isa = PBXFileReference; lastKnownFileType = image.jpeg; path = pigeon.jpg; sourceTree = "<group>"; };
		AB288461224A03D800F5B584 /* fox.jpg */ = {isa = PBXFileReference; lastKnownFileType = image.jpeg; path = fox.jpg; sourceTree = "<group>"; };
		AB288462224A03D800F5B584 /* alpaca.jpg */ = {isa = PBXFileReference; lastKnownFileType = image.jpeg; path = alpaca.jpg; sourceTree = "<group>"; };
		AB288463224A03D800F5B584 /* llama.jpg */ = {isa = PBXFileReference; lastKnownFileType = image.jpeg; path = llama.jpg; sourceTree = "<group>"; };
		AB288474224A097100F5B584 /* AnimalTableViewCell.h */ = {isa = PBXFileReference; lastKnownFileType = sourcecode.c.h; path = AnimalTableViewCell.h; sourceTree = "<group>"; };
		AB288475224A097100F5B584 /* AnimalTableViewCell.m */ = {isa = PBXFileReference; lastKnownFileType = sourcecode.c.objc; path = AnimalTableViewCell.m; sourceTree = "<group>"; };
/* End PBXFileReference section */

/* Begin PBXFrameworksBuildPhase section */
		AB288437224A027500F5B584 /* Frameworks */ = {
			isa = PBXFrameworksBuildPhase;
			buildActionMask = 2147483647;
			files = (
			);
			runOnlyForDeploymentPostprocessing = 0;
		};
/* End PBXFrameworksBuildPhase section */

/* Begin PBXGroup section */
		AB288431224A027500F5B584 = {
			isa = PBXGroup;
			children = (
				AB28843C224A027500F5B584 /* SBT-Lesson-12 Homework-TableView-Animation */,
				AB28843B224A027500F5B584 /* Products */,
			);
			sourceTree = "<group>";
		};
		AB28843B224A027500F5B584 /* Products */ = {
			isa = PBXGroup;
			children = (
				AB28843A224A027500F5B584 /* SBT-Lesson-12 Homework-TableView-Animation.app */,
			);
			name = Products;
			sourceTree = "<group>";
		};
		AB28843C224A027500F5B584 /* SBT-Lesson-12 Homework-TableView-Animation */ = {
			isa = PBXGroup;
			children = (
				AB28843D224A027500F5B584 /* AppDelegate.h */,
				AB28843E224A027500F5B584 /* AppDelegate.m */,
				AB288440224A027500F5B584 /* ViewController.h */,
				AB288441224A027500F5B584 /* ViewController.m */,
				AB288474224A097100F5B584 /* AnimalTableViewCell.h */,
				AB288475224A097100F5B584 /* AnimalTableViewCell.m */,
				AB288446224A027800F5B584 /* Assets.xcassets */,
				AB288448224A027800F5B584 /* LaunchScreen.storyboard */,
				AB28844B224A027800F5B584 /* Info.plist */,
				AB28844C224A027800F5B584 /* main.m */,
				AB288453224A03D800F5B584 /* Images */,
			);
			path = "SBT-Lesson-12 Homework-TableView-Animation";
			sourceTree = "<group>";
		};
		AB288453224A03D800F5B584 /* Images */ = {
			isa = PBXGroup;
			children = (
				AB288454224A03D800F5B584 /* dog.jpg */,
				AB288455224A03D800F5B584 /* horse.jpg */,
				AB288456224A03D800F5B584 /* cougar.jpg */,
				AB288457224A03D800F5B584 /* camel.jpg */,
				AB288458224A03D800F5B584 /* kangaroo.jpg */,
				AB288459224A03D800F5B584 /* raccoon.jpg */,
				AB28845A224A03D800F5B584 /* mybackground.png */,
				AB28845B224A03D800F5B584 /* wolf.jpg */,
				AB28845C224A03D800F5B584 /* hamster.jpg */,
				AB28845D224A03D800F5B584 /* sloth.jpg */,
				AB28845E224A03D800F5B584 /* cat.jpg */,
				AB28845F224A03D800F5B584 /* lizard.jpg */,
				AB288460224A03D800F5B584 /* pigeon.jpg */,
				AB288461224A03D800F5B584 /* fox.jpg */,
				AB288462224A03D800F5B584 /* alpaca.jpg */,
				AB288463224A03D800F5B584 /* llama.jpg */,
			);
			path = Images;
			sourceTree = "<group>";
		};
/* End PBXGroup section */

/* Begin PBXNativeTarget section */
		AB288439224A027500F5B584 /* SBT-Lesson-12 Homework-TableView-Animation */ = {
			isa = PBXNativeTarget;
			buildConfigurationList = AB288450224A027800F5B584 /* Build configuration list for PBXNativeTarget "SBT-Lesson-12 Homework-TableView-Animation" */;
			buildPhases = (
				AB288436224A027500F5B584 /* Sources */,
				AB288437224A027500F5B584 /* Frameworks */,
				AB288438224A027500F5B584 /* Resources */,
			);
			buildRules = (
			);
			dependencies = (
			);
			name = "SBT-Lesson-12 Homework-TableView-Animation";
			productName = "SBT-Lesson-12 Homework-TableView-Animation";
			productReference = AB28843A224A027500F5B584 /* SBT-Lesson-12 Homework-TableView-Animation.app */;
			productType = "com.apple.product-type.application";
		};
/* End PBXNativeTarget section */

/* Begin PBXProject section */
		AB288432224A027500F5B584 /* Project object */ = {
			isa = PBXProject;
			attributes = {
				LastUpgradeCheck = 1010;
				ORGANIZATIONNAME = "Dmitry Shapkin";
				TargetAttributes = {
					AB288439224A027500F5B584 = {
						CreatedOnToolsVersion = 10.1;
					};
				};
			};
			buildConfigurationList = AB288435224A027500F5B584 /* Build configuration list for PBXProject "SBT-Lesson-12 Homework-TableView-Animation" */;
			compatibilityVersion = "Xcode 9.3";
			developmentRegion = en;
			hasScannedForEncodings = 0;
			knownRegions = (
				en,
				Base,
			);
			mainGroup = AB288431224A027500F5B584;
			productRefGroup = AB28843B224A027500F5B584 /* Products */;
			projectDirPath = "";
			projectRoot = "";
			targets = (
				AB288439224A027500F5B584 /* SBT-Lesson-12 Homework-TableView-Animation */,
			);
		};
/* End PBXProject section */

/* Begin PBXResourcesBuildPhase section */
		AB288438224A027500F5B584 /* Resources */ = {
			isa = PBXResourcesBuildPhase;
			buildActionMask = 2147483647;
			files = (
				AB288466224A03D900F5B584 /* cougar.jpg in Resources */,
				AB288467224A03D900F5B584 /* camel.jpg in Resources */,
				AB28846D224A03D900F5B584 /* sloth.jpg in Resources */,
				AB288471224A03D900F5B584 /* fox.jpg in Resources */,
				AB28846C224A03D900F5B584 /* hamster.jpg in Resources */,
				AB28846B224A03D900F5B584 /* wolf.jpg in Resources */,
				AB288473224A03D900F5B584 /* llama.jpg in Resources */,
				AB288464224A03D900F5B584 /* dog.jpg in Resources */,
				AB288469224A03D900F5B584 /* raccoon.jpg in Resources */,
				AB28844A224A027800F5B584 /* LaunchScreen.storyboard in Resources */,
				AB288465224A03D900F5B584 /* horse.jpg in Resources */,
				AB28846F224A03D900F5B584 /* lizard.jpg in Resources */,
				AB288468224A03D900F5B584 /* kangaroo.jpg in Resources */,
				AB288470224A03D900F5B584 /* pigeon.jpg in Resources */,
				AB288472224A03D900F5B584 /* alpaca.jpg in Resources */,
				AB28846A224A03D900F5B584 /* mybackground.png in Resources */,
				AB288447224A027800F5B584 /* Assets.xcassets in Resources */,
				AB28846E224A03D900F5B584 /* cat.jpg in Resources */,
			);
			runOnlyForDeploymentPostprocessing = 0;
		};
/* End PBXResourcesBuildPhase section */

/* Begin PBXSourcesBuildPhase section */
		AB288436224A027500F5B584 /* Sources */ = {
			isa = PBXSourcesBuildPhase;
			buildActionMask = 2147483647;
			files = (
				AB288442224A027500F5B584 /* ViewController.m in Sources */,
				AB288476224A097100F5B584 /* AnimalTableViewCell.m in Sources */,
				AB28844D224A027800F5B584 /* main.m in Sources */,
				AB28843F224A027500F5B584 /* AppDelegate.m in Sources */,
			);
			runOnlyForDeploymentPostprocessing = 0;
		};
/* End PBXSourcesBuildPhase section */

/* Begin PBXVariantGroup section */
		AB288448224A027800F5B584 /* LaunchScreen.storyboard */ = {
			isa = PBXVariantGroup;
			children = (
				AB288449224A027800F5B584 /* Base */,
			);
			name = LaunchScreen.storyboard;
			sourceTree = "<group>";
		};
/* End PBXVariantGroup section */

/* Begin XCBuildConfiguration section */
		AB28844E224A027800F5B584 /* Debug */ = {
			isa = XCBuildConfiguration;
			buildSettings = {
				ALWAYS_SEARCH_USER_PATHS = NO;
				CLANG_ANALYZER_NONNULL = YES;
				CLANG_ANALYZER_NUMBER_OBJECT_CONVERSION = YES_AGGRESSIVE;
				CLANG_CXX_LANGUAGE_STANDARD = "gnu++14";
				CLANG_CXX_LIBRARY = "libc++";
				CLANG_ENABLE_MODULES = YES;
				CLANG_ENABLE_OBJC_ARC = YES;
				CLANG_ENABLE_OBJC_WEAK = YES;
				CLANG_WARN_BLOCK_CAPTURE_AUTORELEASING = YES;
				CLANG_WARN_BOOL_CONVERSION = YES;
				CLANG_WARN_COMMA = YES;
				CLANG_WARN_CONSTANT_CONVERSION = YES;
				CLANG_WARN_DEPRECATED_OBJC_IMPLEMENTATIONS = YES;
				CLANG_WARN_DIRECT_OBJC_ISA_USAGE = YES_ERROR;
				CLANG_WARN_DOCUMENTATION_COMMENTS = YES;
				CLANG_WARN_EMPTY_BODY = YES;
				CLANG_WARN_ENUM_CONVERSION = YES;
				CLANG_WARN_INFINITE_RECURSION = YES;
				CLANG_WARN_INT_CONVERSION = YES;
				CLANG_WARN_NON_LITERAL_NULL_CONVERSION = YES;
				CLANG_WARN_OBJC_IMPLICIT_RETAIN_SELF = YES;
				CLANG_WARN_OBJC_LITERAL_CONVERSION = YES;
				CLANG_WARN_OBJC_ROOT_CLASS = YES_ERROR;
				CLANG_WARN_RANGE_LOOP_ANALYSIS = YES;
				CLANG_WARN_STRICT_PROTOTYPES = YES;
				CLANG_WARN_SUSPICIOUS_MOVE = YES;
				CLANG_WARN_UNGUARDED_AVAILABILITY = YES_AGGRESSIVE;
				CLANG_WARN_UNREACHABLE_CODE = YES;
				CLANG_WARN__DUPLICATE_METHOD_MATCH = YES;
				CODE_SIGN_IDENTITY = "iPhone Developer";
				COPY_PHASE_STRIP = NO;
				DEBUG_INFORMATION_FORMAT = dwarf;
				ENABLE_STRICT_OBJC_MSGSEND = YES;
				ENABLE_TESTABILITY = YES;
				GCC_C_LANGUAGE_STANDARD = gnu11;
				GCC_DYNAMIC_NO_PIC = NO;
				GCC_NO_COMMON_BLOCKS = YES;
				GCC_OPTIMIZATION_LEVEL = 0;
				GCC_PREPROCESSOR_DEFINITIONS = (
					"DEBUG=1",
					"$(inherited)",
				);
				GCC_WARN_64_TO_32_BIT_CONVERSION = YES;
				GCC_WARN_ABOUT_RETURN_TYPE = YES_ERROR;
				GCC_WARN_UNDECLARED_SELECTOR = YES;
				GCC_WARN_UNINITIALIZED_AUTOS = YES_AGGRESSIVE;
				GCC_WARN_UNUSED_FUNCTION = YES;
				GCC_WARN_UNUSED_VARIABLE = YES;
				IPHONEOS_DEPLOYMENT_TARGET = 12.1;
				MTL_ENABLE_DEBUG_INFO = INCLUDE_SOURCE;
				MTL_FAST_MATH = YES;
				ONLY_ACTIVE_ARCH = YES;
				SDKROOT = iphoneos;
			};
			name = Debug;
		};
		AB28844F224A027800F5B584 /* Release */ = {
			isa = XCBuildConfiguration;
			buildSettings = {
				ALWAYS_SEARCH_USER_PATHS = NO;
				CLANG_ANALYZER_NONNULL = YES;
				CLANG_ANALYZER_NUMBER_OBJECT_CONVERSION = YES_AGGRESSIVE;
				CLANG_CXX_LANGUAGE_STANDARD = "gnu++14";
				CLANG_CXX_LIBRARY = "libc++";
				CLANG_ENABLE_MODULES = YES;
				CLANG_ENABLE_OBJC_ARC = YES;
				CLANG_ENABLE_OBJC_WEAK = YES;
				CLANG_WARN_BLOCK_CAPTURE_AUTORELEASING = YES;
				CLANG_WARN_BOOL_CONVERSION = YES;
				CLANG_WARN_COMMA = YES;
				CLANG_WARN_CONSTANT_CONVERSION = YES;
				CLANG_WARN_DEPRECATED_OBJC_IMPLEMENTATIONS = YES;
				CLANG_WARN_DIRECT_OBJC_ISA_USAGE = YES_ERROR;
				CLANG_WARN_DOCUMENTATION_COMMENTS = YES;
				CLANG_WARN_EMPTY_BODY = YES;
				CLANG_WARN_ENUM_CONVERSION = YES;
				CLANG_WARN_INFINITE_RECURSION = YES;
				CLANG_WARN_INT_CONVERSION = YES;
				CLANG_WARN_NON_LITERAL_NULL_CONVERSION = YES;
				CLANG_WARN_OBJC_IMPLICIT_RETAIN_SELF = YES;
				CLANG_WARN_OBJC_LITERAL_CONVERSION = YES;
				CLANG_WARN_OBJC_ROOT_CLASS = YES_ERROR;
				CLANG_WARN_RANGE_LOOP_ANALYSIS = YES;
				CLANG_WARN_STRICT_PROTOTYPES = YES;
				CLANG_WARN_SUSPICIOUS_MOVE = YES;
				CLANG_WARN_UNGUARDED_AVAILABILITY = YES_AGGRESSIVE;
				CLANG_WARN_UNREACHABLE_CODE = YES;
				CLANG_WARN__DUPLICATE_METHOD_MATCH = YES;
				CODE_SIGN_IDENTITY = "iPhone Developer";
				COPY_PHASE_STRIP = NO;
				DEBUG_INFORMATION_FORMAT = "dwarf-with-dsym";
				ENABLE_NS_ASSERTIONS = NO;
				ENABLE_STRICT_OBJC_MSGSEND = YES;
				GCC_C_LANGUAGE_STANDARD = gnu11;
				GCC_NO_COMMON_BLOCKS = YES;
				GCC_WARN_64_TO_32_BIT_CONVERSION = YES;
				GCC_WARN_ABOUT_RETURN_TYPE = YES_ERROR;
				GCC_WARN_UNDECLARED_SELECTOR = YES;
				GCC_WARN_UNINITIALIZED_AUTOS = YES_AGGRESSIVE;
				GCC_WARN_UNUSED_FUNCTION = YES;
				GCC_WARN_UNUSED_VARIABLE = YES;
				IPHONEOS_DEPLOYMENT_TARGET = 12.1;
				MTL_ENABLE_DEBUG_INFO = NO;
				MTL_FAST_MATH = YES;
				SDKROOT = iphoneos;
				VALIDATE_PRODUCT = YES;
			};
			name = Release;
		};
		AB288451224A027800F5B584 /* Debug */ = {
			isa = XCBuildConfiguration;
			buildSettings = {
				ASSETCATALOG_COMPILER_APPICON_NAME = AppIcon;
				CODE_SIGN_STYLE = Automatic;
				DEVELOPMENT_TEAM = N52WYVQTKK;
				INFOPLIST_FILE = "SBT-Lesson-12 Homework-TableView-Animation/Info.plist";
				LD_RUNPATH_SEARCH_PATHS = (
					"$(inherited)",
					"@executable_path/Frameworks",
				);
				PRODUCT_BUNDLE_IDENTIFIER = "ru.shapkindev.SBT-Lesson-12-Homework-TableView-Animation";
				PRODUCT_NAME = "$(TARGET_NAME)";
				TARGETED_DEVICE_FAMILY = "1,2";
			};
			name = Debug;
		};
		AB288452224A027800F5B584 /* Release */ = {
			isa = XCBuildConfiguration;
			buildSettings = {
				ASSETCATALOG_COMPILER_APPICON_NAME = AppIcon;
				CODE_SIGN_STYLE = Automatic;
				DEVELOPMENT_TEAM = N52WYVQTKK;
				INFOPLIST_FILE = "SBT-Lesson-12 Homework-TableView-Animation/Info.plist";
				LD_RUNPATH_SEARCH_PATHS = (
					"$(inherited)",
					"@executable_path/Frameworks",
				);
				PRODUCT_BUNDLE_IDENTIFIER = "ru.shapkindev.SBT-Lesson-12-Homework-TableView-Animation";
				PRODUCT_NAME = "$(TARGET_NAME)";
				TARGETED_DEVICE_FAMILY = "1,2";
			};
			name = Release;
		};
/* End XCBuildConfiguration section */

/* Begin XCConfigurationList section */
		AB288435224A027500F5B584 /* Build configuration list for PBXProject "SBT-Lesson-12 Homework-TableView-Animation" */ = {
			isa = XCConfigurationList;
			buildConfigurations = (
				AB28844E224A027800F5B584 /* Debug */,
				AB28844F224A027800F5B584 /* Release */,
			);
			defaultConfigurationIsVisible = 0;
			defaultConfigurationName = Release;
		};
		AB288450224A027800F5B584 /* Build configuration list for PBXNativeTarget "SBT-Lesson-12 Homework-TableView-Animation" */ = {
			isa = XCConfigurationList;
			buildConfigurations = (
				AB288451224A027800F5B584 /* Debug */,
				AB288452224A027800F5B584 /* Release */,
			);
			defaultConfigurationIsVisible = 0;
			defaultConfigurationName = Release;
		};
/* End XCConfigurationList section */
	};
	rootObject = AB288432224A027500F5B584 /* Project object */;
}
